
Microsoft Visual Studio Solution File, Format Version 12.00
# Visual Studio 14
VisualStudioVersion = 14.0.25420.1
MinimumVisualStudioVersion = 10.0.40219.1
Project("{FAE04EC0-301F-11D3-BF4B-00C04F79EFBC}") = "FriendOrganizer.UI", "FriendOrganizer.UI\FriendOrganizer.UI.csproj", "{0EE2B927-E641-4BFE-9816-567EECE9FBEB}"
EndProject
Project("{FAE04EC0-301F-11D3-BF4B-00C04F79EFBC}") = "FriendOrganizer.DataAccess", "FriendOrganizer.DataAccess\FriendOrganizer.DataAccess.csproj", "{0563663D-C699-4D2F-8602-3EFEFBC0477A}"
EndProject
Project("{FAE04EC0-301F-11D3-BF4B-00C04F79EFBC}") = "FriendOrganizer.Model", "FriendOrganizer.Model\FriendOrganizer.Model.csproj", "{8364977D-47A5-41E1-B124-0DEC0B524A34}"
EndProject
Global
	GlobalSection(SolutionConfigurationPlatforms) = preSolution
		Debug|Any CPU = Debug|Any CPU
		Release|Any CPU = Release|Any CPU
	EndGlobalSection
	GlobalSection(ProjectConfigurationPlatforms) = postSolution
		{0EE2B927-E641-4BFE-9816-567EECE9FBEB}.Debug|Any CPU.ActiveCfg = Debug|Any CPU
		{0EE2B927-E641-4BFE-9816-567EECE9FBEB}.Debug|Any CPU.Build.0 = Debug|Any CPU
		{0EE2B927-E641-4BFE-9816-567EECE9FBEB}.Release|Any CPU.ActiveCfg = Release|Any CPU
		{0EE2B927-E641-4BFE-9816-567EECE9FBEB}.Release|Any CPU.Build.0 = Release|Any CPU
		{0563663D-C699-4D2F-8602-3EFEFBC0477A}.Debug|Any CPU.ActiveCfg = Debug|Any CPU
		{0563663D-C699-4D2F-8602-3EFEFBC0477A}.Debug|Any CPU.Build.0 = Debug|Any CPU
		{0563663D-C699-4D2F-8602-3EFEFBC0477A}.Release|Any CPU.ActiveCfg = Release|Any CPU
		{0563663D-C699-4D2F-8602-3EFEFBC0477A}.Release|Any CPU.Build.0 = Release|Any CPU
		{8364977D-47A5-41E1-B124-0DEC0B524A34}.Debug|Any CPU.ActiveCfg = Debug|Any CPU
		{8364977D-47A5-41E1-B124-0DEC0B524A34}.Debug|Any CPU.Build.0 = Debug|Any CPU
		{8364977D-47A5-41E1-B124-0DEC0B524A34}.Release|Any CPU.ActiveCfg = Release|Any CPU
		{8364977D-47A5-41E1-B124-0DEC0B524A34}.Release|Any CPU.Build.0 = Release|Any CPU
	EndGlobalSection
	GlobalSection(SolutionProperties) = preSolution
		HideSolutionNode = FALSE
	EndGlobalSection
EndGlobal
